// !$*UTF8*$!
{
	archiveVersion = 1;
	classes = {
	};
	objectVersion = 56;
	objects = {

/* Begin PBXBuildFile section */
		1E6206B92BDD45D200D33D82 /* CameraView.swift in Sources */ = {isa = PBXBuildFile; fileRef = 1E6206B82BDD45D200D33D82 /* CameraView.swift */; };
		1E7347A12BCEF126003CFEDD /* native_ios_appApp.swift in Sources */ = {isa = PBXBuildFile; fileRef = 1E7347A02BCEF126003CFEDD /* native_ios_appApp.swift */; };
		1E7347A32BCEF126003CFEDD /* ContentView.swift in Sources */ = {isa = PBXBuildFile; fileRef = 1E7347A22BCEF126003CFEDD /* ContentView.swift */; };
		1E7347A52BCEF126003CFEDD /* Assets.xcassets in Resources */ = {isa = PBXBuildFile; fileRef = 1E7347A42BCEF126003CFEDD /* Assets.xcassets */; };
		1E7347A82BCEF126003CFEDD /* Preview Assets.xcassets in Resources */ = {isa = PBXBuildFile; fileRef = 1E7347A72BCEF126003CFEDD /* Preview Assets.xcassets */; };
		1E77A3152BE4D55900F4270E /* Character.xcdatamodeld in Sources */ = {isa = PBXBuildFile; fileRef = 1E77A3132BE4D55900F4270E /* Character.xcdatamodeld */; };
		1E77A3182BE4D61B00F4270E /* Character+CoreDataClass.swift in Sources */ = {isa = PBXBuildFile; fileRef = 1E77A3162BE4D61B00F4270E /* Character+CoreDataClass.swift */; };
		1E77A3192BE4D61B00F4270E /* Character+CoreDataProperties.swift in Sources */ = {isa = PBXBuildFile; fileRef = 1E77A3172BE4D61B00F4270E /* Character+CoreDataProperties.swift */; };
		1E7BD9532BD508A70074FE64 /* InfiniteListMenuView.swift in Sources */ = {isa = PBXBuildFile; fileRef = 1E7BD9522BD508A70074FE64 /* InfiniteListMenuView.swift */; };
		1E7BD9572BD508EE0074FE64 /* LocalInfiniteListView.swift in Sources */ = {isa = PBXBuildFile; fileRef = 1E7BD9562BD508EE0074FE64 /* LocalInfiniteListView.swift */; };
		1E7BD9592BD509240074FE64 /* NetworkInfiniteListView.swift in Sources */ = {isa = PBXBuildFile; fileRef = 1E7BD9582BD509240074FE64 /* NetworkInfiniteListView.swift */; };
		1E7BD95B2BD5097B0074FE64 /* DatabaseView.swift in Sources */ = {isa = PBXBuildFile; fileRef = 1E7BD95A2BD5097B0074FE64 /* DatabaseView.swift */; };
		1E7BD95E2BD509EF0074FE64 /* HardwareMenuView.swift in Sources */ = {isa = PBXBuildFile; fileRef = 1E7BD95D2BD509EF0074FE64 /* HardwareMenuView.swift */; };
		1E7BD9612BD50A120074FE64 /* LightSensorView.swift in Sources */ = {isa = PBXBuildFile; fileRef = 1E7BD9602BD50A120074FE64 /* LightSensorView.swift */; };
		1E7BD9632BD50A1D0074FE64 /* GpsView.swift in Sources */ = {isa = PBXBuildFile; fileRef = 1E7BD9622BD50A1D0074FE64 /* GpsView.swift */; };
		1E7BD9672BD50A440074FE64 /* AccelerometerView.swift in Sources */ = {isa = PBXBuildFile; fileRef = 1E7BD9662BD50A440074FE64 /* AccelerometerView.swift */; };
		1E7BD9692BD50B040074FE64 /* AnimationView.swift in Sources */ = {isa = PBXBuildFile; fileRef = 1E7BD9682BD50B040074FE64 /* AnimationView.swift */; };
		1E7BD96B2BD5122E0074FE64 /* types.swift in Sources */ = {isa = PBXBuildFile; fileRef = 1E7BD96A2BD5122E0074FE64 /* types.swift */; };
		1E7BD96D2BD512910074FE64 /* CharacterLoader.swift in Sources */ = {isa = PBXBuildFile; fileRef = 1E7BD96C2BD512910074FE64 /* CharacterLoader.swift */; };
/* End PBXBuildFile section */

/* Begin PBXFileReference section */
		1E6206B82BDD45D200D33D82 /* CameraView.swift */ = {isa = PBXFileReference; lastKnownFileType = sourcecode.swift; path = CameraView.swift; sourceTree = "<group>"; };
		1E73479D2BCEF126003CFEDD /* native-ios-app.app */ = {isa = PBXFileReference; explicitFileType = wrapper.application; includeInIndex = 0; path = "native-ios-app.app"; sourceTree = BUILT_PRODUCTS_DIR; };
		1E7347A02BCEF126003CFEDD /* native_ios_appApp.swift */ = {isa = PBXFileReference; lastKnownFileType = sourcecode.swift; path = native_ios_appApp.swift; sourceTree = "<group>"; };
		1E7347A22BCEF126003CFEDD /* ContentView.swift */ = {isa = PBXFileReference; lastKnownFileType = sourcecode.swift; path = ContentView.swift; sourceTree = "<group>"; };
		1E7347A42BCEF126003CFEDD /* Assets.xcassets */ = {isa = PBXFileReference; lastKnownFileType = folder.assetcatalog; path = Assets.xcassets; sourceTree = "<group>"; };
		1E7347A72BCEF126003CFEDD /* Preview Assets.xcassets */ = {isa = PBXFileReference; lastKnownFileType = folder.assetcatalog; path = "Preview Assets.xcassets"; sourceTree = "<group>"; };
		1E77A3142BE4D55900F4270E /* Character.xcdatamodel */ = {isa = PBXFileReference; lastKnownFileType = wrapper.xcdatamodel; path = Character.xcdatamodel; sourceTree = "<group>"; };
		1E77A3162BE4D61B00F4270E /* Character+CoreDataClass.swift */ = {isa = PBXFileReference; lastKnownFileType = sourcecode.swift; name = "Character+CoreDataClass.swift"; path = "native-ios-app/views/db/Character+CoreDataClass.swift"; sourceTree = "<group>"; };
		1E77A3172BE4D61B00F4270E /* Character+CoreDataProperties.swift */ = {isa = PBXFileReference; lastKnownFileType = sourcecode.swift; name = "Character+CoreDataProperties.swift"; path = "native-ios-app/views/db/Character+CoreDataProperties.swift"; sourceTree = "<group>"; };
		1E7BD9522BD508A70074FE64 /* InfiniteListMenuView.swift */ = {isa = PBXFileReference; lastKnownFileType = sourcecode.swift; path = InfiniteListMenuView.swift; sourceTree = "<group>"; };
		1E7BD9562BD508EE0074FE64 /* LocalInfiniteListView.swift */ = {isa = PBXFileReference; lastKnownFileType = sourcecode.swift; path = LocalInfiniteListView.swift; sourceTree = "<group>"; };
		1E7BD9582BD509240074FE64 /* NetworkInfiniteListView.swift */ = {isa = PBXFileReference; lastKnownFileType = sourcecode.swift; path = NetworkInfiniteListView.swift; sourceTree = "<group>"; };
		1E7BD95A2BD5097B0074FE64 /* DatabaseView.swift */ = {isa = PBXFileReference; lastKnownFileType = sourcecode.swift; path = DatabaseView.swift; sourceTree = "<group>"; };
		1E7BD95D2BD509EF0074FE64 /* HardwareMenuView.swift */ = {isa = PBXFileReference; lastKnownFileType = sourcecode.swift; path = HardwareMenuView.swift; sourceTree = "<group>"; };
		1E7BD9602BD50A120074FE64 /* LightSensorView.swift */ = {isa = PBXFileReference; lastKnownFileType = sourcecode.swift; path = LightSensorView.swift; sourceTree = "<group>"; };
		1E7BD9622BD50A1D0074FE64 /* GpsView.swift */ = {isa = PBXFileReference; lastKnownFileType = sourcecode.swift; path = GpsView.swift; sourceTree = "<group>"; };
		1E7BD9662BD50A440074FE64 /* AccelerometerView.swift */ = {isa = PBXFileReference; lastKnownFileType = sourcecode.swift; path = AccelerometerView.swift; sourceTree = "<group>"; };
		1E7BD9682BD50B040074FE64 /* AnimationView.swift */ = {isa = PBXFileReference; lastKnownFileType = sourcecode.swift; path = AnimationView.swift; sourceTree = "<group>"; };
		1E7BD96A2BD5122E0074FE64 /* types.swift */ = {isa = PBXFileReference; lastKnownFileType = sourcecode.swift; path = types.swift; sourceTree = "<group>"; };
		1E7BD96C2BD512910074FE64 /* CharacterLoader.swift */ = {isa = PBXFileReference; lastKnownFileType = sourcecode.swift; path = CharacterLoader.swift; sourceTree = "<group>"; };
/* End PBXFileReference section */

/* Begin PBXFrameworksBuildPhase section */
		1E73479A2BCEF126003CFEDD /* Frameworks */ = {
			isa = PBXFrameworksBuildPhase;
			buildActionMask = 2147483647;
			files = (
			);
			runOnlyForDeploymentPostprocessing = 0;
		};
/* End PBXFrameworksBuildPhase section */

/* Begin PBXGroup section */
		1E7347942BCEF125003CFEDD = {
			isa = PBXGroup;
			children = (
				1E77A3162BE4D61B00F4270E /* Character+CoreDataClass.swift */,
				1E77A3172BE4D61B00F4270E /* Character+CoreDataProperties.swift */,
				1E73479F2BCEF126003CFEDD /* native-ios-app */,
				1E73479E2BCEF126003CFEDD /* Products */,
			);
			sourceTree = "<group>";
		};
		1E73479E2BCEF126003CFEDD /* Products */ = {
			isa = PBXGroup;
			children = (
				1E73479D2BCEF126003CFEDD /* native-ios-app.app */,
			);
			name = Products;
			sourceTree = "<group>";
		};
		1E73479F2BCEF126003CFEDD /* native-ios-app */ = {
			isa = PBXGroup;
			children = (
				1E7BD9502BD5087C0074FE64 /* views */,
				1E7347A02BCEF126003CFEDD /* native_ios_appApp.swift */,
				1E7347A22BCEF126003CFEDD /* ContentView.swift */,
				1E7347A42BCEF126003CFEDD /* Assets.xcassets */,
				1E7347A62BCEF126003CFEDD /* Preview Content */,
			);
			path = "native-ios-app";
			sourceTree = "<group>";
		};
		1E7347A62BCEF126003CFEDD /* Preview Content */ = {
			isa = PBXGroup;
			children = (
				1E7347A72BCEF126003CFEDD /* Preview Assets.xcassets */,
			);
			path = "Preview Content";
			sourceTree = "<group>";
		};
		1E77A3122BE4D53A00F4270E /* db */ = {
			isa = PBXGroup;
			children = (
				1E7BD95A2BD5097B0074FE64 /* DatabaseView.swift */,
				1E77A3132BE4D55900F4270E /* Character.xcdatamodeld */,
			);
			path = db;
			sourceTree = "<group>";
		};
		1E7BD9502BD5087C0074FE64 /* views */ = {
			isa = PBXGroup;
			children = (
				1E77A3122BE4D53A00F4270E /* db */,
				1E7BD95C2BD509BB0074FE64 /* hardware */,
				1E7BD9512BD5088D0074FE64 /* infiniteList */,
				1E7BD9682BD50B040074FE64 /* AnimationView.swift */,
			);
			path = views;
			sourceTree = "<group>";
		};
		1E7BD9512BD5088D0074FE64 /* infiniteList */ = {
			isa = PBXGroup;
			children = (
				1E7BD9522BD508A70074FE64 /* InfiniteListMenuView.swift */,
				1E7BD9562BD508EE0074FE64 /* LocalInfiniteListView.swift */,
				1E7BD9582BD509240074FE64 /* NetworkInfiniteListView.swift */,
				1E7BD96A2BD5122E0074FE64 /* types.swift */,
				1E7BD96C2BD512910074FE64 /* CharacterLoader.swift */,
			);
			path = infiniteList;
			sourceTree = "<group>";
		};
		1E7BD95C2BD509BB0074FE64 /* hardware */ = {
			isa = PBXGroup;
			children = (
				1E7BD95D2BD509EF0074FE64 /* HardwareMenuView.swift */,
				1E7BD9602BD50A120074FE64 /* LightSensorView.swift */,
				1E7BD9622BD50A1D0074FE64 /* GpsView.swift */,
				1E7BD9662BD50A440074FE64 /* AccelerometerView.swift */,
				1E6206B82BDD45D200D33D82 /* CameraView.swift */,
			);
			path = hardware;
			sourceTree = "<group>";
		};
/* End PBXGroup section */

/* Begin PBXNativeTarget section */
		1E73479C2BCEF126003CFEDD /* native-ios-app */ = {
			isa = PBXNativeTarget;
			buildConfigurationList = 1E7347AB2BCEF126003CFEDD /* Build configuration list for PBXNativeTarget "native-ios-app" */;
			buildPhases = (
				1E7347992BCEF126003CFEDD /* Sources */,
				1E73479A2BCEF126003CFEDD /* Frameworks */,
				1E73479B2BCEF126003CFEDD /* Resources */,
			);
			buildRules = (
			);
			dependencies = (
			);
			name = "native-ios-app";
			productName = "native-ios-app";
			productReference = 1E73479D2BCEF126003CFEDD /* native-ios-app.app */;
			productType = "com.apple.product-type.application";
		};
/* End PBXNativeTarget section */

/* Begin PBXProject section */
		1E7347952BCEF125003CFEDD /* Project object */ = {
			isa = PBXProject;
			attributes = {
				BuildIndependentTargetsInParallel = 1;
				LastSwiftUpdateCheck = 1530;
				LastUpgradeCheck = 1530;
				TargetAttributes = {
					1E73479C2BCEF126003CFEDD = {
						CreatedOnToolsVersion = 15.3;
					};
				};
			};
			buildConfigurationList = 1E7347982BCEF125003CFEDD /* Build configuration list for PBXProject "native-ios-app" */;
			compatibilityVersion = "Xcode 14.0";
			developmentRegion = en;
			hasScannedForEncodings = 0;
			knownRegions = (
				en,
				Base,
			);
			mainGroup = 1E7347942BCEF125003CFEDD;
			productRefGroup = 1E73479E2BCEF126003CFEDD /* Products */;
			projectDirPath = "";
			projectRoot = "";
			targets = (
				1E73479C2BCEF126003CFEDD /* native-ios-app */,
			);
		};
/* End PBXProject section */

/* Begin PBXResourcesBuildPhase section */
		1E73479B2BCEF126003CFEDD /* Resources */ = {
			isa = PBXResourcesBuildPhase;
			buildActionMask = 2147483647;
			files = (
				1E7347A82BCEF126003CFEDD /* Preview Assets.xcassets in Resources */,
				1E7347A52BCEF126003CFEDD /* Assets.xcassets in Resources */,
			);
			runOnlyForDeploymentPostprocessing = 0;
		};
/* End PBXResourcesBuildPhase section */

/* Begin PBXSourcesBuildPhase section */
		1E7347992BCEF126003CFEDD /* Sources */ = {
			isa = PBXSourcesBuildPhase;
			buildActionMask = 2147483647;
			files = (
				1E7347A32BCEF126003CFEDD /* ContentView.swift in Sources */,
				1E6206B92BDD45D200D33D82 /* CameraView.swift in Sources */,
				1E77A3182BE4D61B00F4270E /* Character+CoreDataClass.swift in Sources */,
				1E77A3192BE4D61B00F4270E /* Character+CoreDataProperties.swift in Sources */,
				1E7BD95B2BD5097B0074FE64 /* DatabaseView.swift in Sources */,
				1E7BD9632BD50A1D0074FE64 /* GpsView.swift in Sources */,
				1E7BD96D2BD512910074FE64 /* CharacterLoader.swift in Sources */,
				1E7BD9532BD508A70074FE64 /* InfiniteListMenuView.swift in Sources */,
				1E7BD9572BD508EE0074FE64 /* LocalInfiniteListView.swift in Sources */,
				1E7BD96B2BD5122E0074FE64 /* types.swift in Sources */,
				1E7BD9672BD50A440074FE64 /* AccelerometerView.swift in Sources */,
				1E7BD95E2BD509EF0074FE64 /* HardwareMenuView.swift in Sources */,
				1E7BD9612BD50A120074FE64 /* LightSensorView.swift in Sources */,
				1E7BD9692BD50B040074FE64 /* AnimationView.swift in Sources */,
				1E77A3152BE4D55900F4270E /* Character.xcdatamodeld in Sources */,
				1E7BD9592BD509240074FE64 /* NetworkInfiniteListView.swift in Sources */,
				1E7347A12BCEF126003CFEDD /* native_ios_appApp.swift in Sources */,
			);
			runOnlyForDeploymentPostprocessing = 0;
		};
/* End PBXSourcesBuildPhase section */

/* Begin XCBuildConfiguration section */
		1E7347A92BCEF126003CFEDD /* Debug */ = {
			isa = XCBuildConfiguration;
			buildSettings = {
				ALWAYS_SEARCH_USER_PATHS = NO;
				ASSETCATALOG_COMPILER_GENERATE_SWIFT_ASSET_SYMBOL_EXTENSIONS = YES;
				CLANG_ANALYZER_NONNULL = YES;
				CLANG_ANALYZER_NUMBER_OBJECT_CONVERSION = YES_AGGRESSIVE;
				CLANG_CXX_LANGUAGE_STANDARD = "gnu++20";
				CLANG_ENABLE_MODULES = YES;
				CLANG_ENABLE_OBJC_ARC = YES;
				CLANG_ENABLE_OBJC_WEAK = YES;
				CLANG_WARN_BLOCK_CAPTURE_AUTORELEASING = YES;
				CLANG_WARN_BOOL_CONVERSION = YES;
				CLANG_WARN_COMMA = YES;
				CLANG_WARN_CONSTANT_CONVERSION = YES;
				CLANG_WARN_DEPRECATED_OBJC_IMPLEMENTATIONS = YES;
				CLANG_WARN_DIRECT_OBJC_ISA_USAGE = YES_ERROR;
				CLANG_WARN_DOCUMENTATION_COMMENTS = YES;
				CLANG_WARN_EMPTY_BODY = YES;
				CLANG_WARN_ENUM_CONVERSION = YES;
				CLANG_WARN_INFINITE_RECURSION = YES;
				CLANG_WARN_INT_CONVERSION = YES;
				CLANG_WARN_NON_LITERAL_NULL_CONVERSION = YES;
				CLANG_WARN_OBJC_IMPLICIT_RETAIN_SELF = YES;
				CLANG_WARN_OBJC_LITERAL_CONVERSION = YES;
				CLANG_WARN_OBJC_ROOT_CLASS = YES_ERROR;
				CLANG_WARN_QUOTED_INCLUDE_IN_FRAMEWORK_HEADER = YES;
				CLANG_WARN_RANGE_LOOP_ANALYSIS = YES;
				CLANG_WARN_STRICT_PROTOTYPES = YES;
				CLANG_WARN_SUSPICIOUS_MOVE = YES;
				CLANG_WARN_UNGUARDED_AVAILABILITY = YES_AGGRESSIVE;
				CLANG_WARN_UNREACHABLE_CODE = YES;
				CLANG_WARN__DUPLICATE_METHOD_MATCH = YES;
				COPY_PHASE_STRIP = NO;
				DEBUG_INFORMATION_FORMAT = dwarf;
				ENABLE_STRICT_OBJC_MSGSEND = YES;
				ENABLE_TESTABILITY = YES;
				ENABLE_USER_SCRIPT_SANDBOXING = YES;
				GCC_C_LANGUAGE_STANDARD = gnu17;
				GCC_DYNAMIC_NO_PIC = NO;
				GCC_NO_COMMON_BLOCKS = YES;
				GCC_OPTIMIZATION_LEVEL = 0;
				GCC_PREPROCESSOR_DEFINITIONS = (
					"DEBUG=1",
					"$(inherited)",
				);
				GCC_WARN_64_TO_32_BIT_CONVERSION = YES;
				GCC_WARN_ABOUT_RETURN_TYPE = YES_ERROR;
				GCC_WARN_UNDECLARED_SELECTOR = YES;
				GCC_WARN_UNINITIALIZED_AUTOS = YES_AGGRESSIVE;
				GCC_WARN_UNUSED_FUNCTION = YES;
				GCC_WARN_UNUSED_VARIABLE = YES;
				IPHONEOS_DEPLOYMENT_TARGET = 17.4;
				LOCALIZATION_PREFERS_STRING_CATALOGS = YES;
				MTL_ENABLE_DEBUG_INFO = INCLUDE_SOURCE;
				MTL_FAST_MATH = YES;
				ONLY_ACTIVE_ARCH = YES;
				SDKROOT = iphoneos;
				SWIFT_ACTIVE_COMPILATION_CONDITIONS = "DEBUG $(inherited)";
				SWIFT_OPTIMIZATION_LEVEL = "-Onone";
			};
			name = Debug;
		};
		1E7347AA2BCEF126003CFEDD /* Release */ = {
			isa = XCBuildConfiguration;
			buildSettings = {
				ALWAYS_SEARCH_USER_PATHS = NO;
				ASSETCATALOG_COMPILER_GENERATE_SWIFT_ASSET_SYMBOL_EXTENSIONS = YES;
				CLANG_ANALYZER_NONNULL = YES;
				CLANG_ANALYZER_NUMBER_OBJECT_CONVERSION = YES_AGGRESSIVE;
				CLANG_CXX_LANGUAGE_STANDARD = "gnu++20";
				CLANG_ENABLE_MODULES = YES;
				CLANG_ENABLE_OBJC_ARC = YES;
				CLANG_ENABLE_OBJC_WEAK = YES;
				CLANG_WARN_BLOCK_CAPTURE_AUTORELEASING = YES;
				CLANG_WARN_BOOL_CONVERSION = YES;
				CLANG_WARN_COMMA = YES;
				CLANG_WARN_CONSTANT_CONVERSION = YES;
				CLANG_WARN_DEPRECATED_OBJC_IMPLEMENTATIONS = YES;
				CLANG_WARN_DIRECT_OBJC_ISA_USAGE = YES_ERROR;
				CLANG_WARN_DOCUMENTATION_COMMENTS = YES;
				CLANG_WARN_EMPTY_BODY = YES;
				CLANG_WARN_ENUM_CONVERSION = YES;
				CLANG_WARN_INFINITE_RECURSION = YES;
				CLANG_WARN_INT_CONVERSION = YES;
				CLANG_WARN_NON_LITERAL_NULL_CONVERSION = YES;
				CLANG_WARN_OBJC_IMPLICIT_RETAIN_SELF = YES;
				CLANG_WARN_OBJC_LITERAL_CONVERSION = YES;
				CLANG_WARN_OBJC_ROOT_CLASS = YES_ERROR;
				CLANG_WARN_QUOTED_INCLUDE_IN_FRAMEWORK_HEADER = YES;
				CLANG_WARN_RANGE_LOOP_ANALYSIS = YES;
				CLANG_WARN_STRICT_PROTOTYPES = YES;
				CLANG_WARN_SUSPICIOUS_MOVE = YES;
				CLANG_WARN_UNGUARDED_AVAILABILITY = YES_AGGRESSIVE;
				CLANG_WARN_UNREACHABLE_CODE = YES;
				CLANG_WARN__DUPLICATE_METHOD_MATCH = YES;
				COPY_PHASE_STRIP = NO;
				DEBUG_INFORMATION_FORMAT = "dwarf-with-dsym";
				ENABLE_NS_ASSERTIONS = NO;
				ENABLE_STRICT_OBJC_MSGSEND = YES;
				ENABLE_USER_SCRIPT_SANDBOXING = YES;
				GCC_C_LANGUAGE_STANDARD = gnu17;
				GCC_NO_COMMON_BLOCKS = YES;
				GCC_WARN_64_TO_32_BIT_CONVERSION = YES;
				GCC_WARN_ABOUT_RETURN_TYPE = YES_ERROR;
				GCC_WARN_UNDECLARED_SELECTOR = YES;
				GCC_WARN_UNINITIALIZED_AUTOS = YES_AGGRESSIVE;
				GCC_WARN_UNUSED_FUNCTION = YES;
				GCC_WARN_UNUSED_VARIABLE = YES;
				IPHONEOS_DEPLOYMENT_TARGET = 17.4;
				LOCALIZATION_PREFERS_STRING_CATALOGS = YES;
				MTL_ENABLE_DEBUG_INFO = NO;
				MTL_FAST_MATH = YES;
				SDKROOT = iphoneos;
				SWIFT_COMPILATION_MODE = wholemodule;
				VALIDATE_PRODUCT = YES;
			};
			name = Release;
		};
		1E7347AC2BCEF126003CFEDD /* Debug */ = {
			isa = XCBuildConfiguration;
			buildSettings = {
				ASSETCATALOG_COMPILER_APPICON_NAME = AppIcon;
				ASSETCATALOG_COMPILER_GLOBAL_ACCENT_COLOR_NAME = AccentColor;
				CODE_SIGN_IDENTITY = "Apple Development";
				CODE_SIGN_STYLE = Automatic;
				CURRENT_PROJECT_VERSION = 1;
				DEVELOPMENT_ASSET_PATHS = "\"native-ios-app/Preview Content\"";
				DEVELOPMENT_TEAM = L2AZ58X77V;
				ENABLE_PREVIEWS = YES;
				GENERATE_INFOPLIST_FILE = YES;
				INFOPLIST_KEY_NSCameraUsageDescription = "Canera is used for capturing photo";
				INFOPLIST_KEY_NSLocationWhenInUseUsageDescription = "Requires location";
				INFOPLIST_KEY_UIApplicationSceneManifest_Generation = YES;
				INFOPLIST_KEY_UIApplicationSupportsIndirectInputEvents = YES;
				INFOPLIST_KEY_UILaunchScreen_Generation = YES;
				INFOPLIST_KEY_UISupportedInterfaceOrientations_iPad = "UIInterfaceOrientationPortrait UIInterfaceOrientationPortraitUpsideDown UIInterfaceOrientationLandscapeLeft UIInterfaceOrientationLandscapeRight";
				INFOPLIST_KEY_UISupportedInterfaceOrientations_iPhone = "UIInterfaceOrientationPortrait UIInterfaceOrientationLandscapeLeft UIInterfaceOrientationLandscapeRight";
				IPHONEOS_DEPLOYMENT_TARGET = 16.6;
				LD_RUNPATH_SEARCH_PATHS = (
					"$(inherited)",
					"@executable_path/Frameworks",
				);
				MARKETING_VERSION = 1.0;
				PRODUCT_BUNDLE_IDENTIFIER = "com.alex.native-ios-app";
				PRODUCT_NAME = "$(TARGET_NAME)";
				PROVISIONING_PROFILE_SPECIFIER = "";
				SWIFT_EMIT_LOC_STRINGS = YES;
				SWIFT_VERSION = 5.0;
				TARGETED_DEVICE_FAMILY = "1,2";
			};
			name = Debug;
		};
		1E7347AD2BCEF126003CFEDD /* Release */ = {
			isa = XCBuildConfiguration;
			buildSettings = {
				ASSETCATALOG_COMPILER_APPICON_NAME = AppIcon;
				ASSETCATALOG_COMPILER_GLOBAL_ACCENT_COLOR_NAME = AccentColor;
				CODE_SIGN_IDENTITY = "Apple Development";
				CODE_SIGN_STYLE = Automatic;
				CURRENT_PROJECT_VERSION = 1;
				DEVELOPMENT_ASSET_PATHS = "\"native-ios-app/Preview Content\"";
				DEVELOPMENT_TEAM = L2AZ58X77V;
				ENABLE_PREVIEWS = YES;
				GENERATE_INFOPLIST_FILE = YES;
				INFOPLIST_KEY_NSCameraUsageDescription = "Canera is used for capturing photo";
				INFOPLIST_KEY_NSLocationWhenInUseUsageDescription = "Requires location";
				INFOPLIST_KEY_UIApplicationSceneManifest_Generation = YES;
				INFOPLIST_KEY_UIApplicationSupportsIndirectInputEvents = YES;
				INFOPLIST_KEY_UILaunchScreen_Generation = YES;
				INFOPLIST_KEY_UISupportedInterfaceOrientations_iPad = "UIInterfaceOrientationPortrait UIInterfaceOrientationPortraitUpsideDown UIInterfaceOrientationLandscapeLeft UIInterfaceOrientationLandscapeRight";
				INFOPLIST_KEY_UISupportedInterfaceOrientations_iPhone = "UIInterfaceOrientationPortrait UIInterfaceOrientationLandscapeLeft UIInterfaceOrientationLandscapeRight";
				IPHONEOS_DEPLOYMENT_TARGET = 16.6;
				LD_RUNPATH_SEARCH_PATHS = (
					"$(inherited)",
					"@executable_path/Frameworks",
				);
				MARKETING_VERSION = 1.0;
				PRODUCT_BUNDLE_IDENTIFIER = "com.alex.native-ios-app";
				PRODUCT_NAME = "$(TARGET_NAME)";
				PROVISIONING_PROFILE_SPECIFIER = "";
				SWIFT_EMIT_LOC_STRINGS = YES;
				SWIFT_VERSION = 5.0;
				TARGETED_DEVICE_FAMILY = "1,2";
			};
			name = Release;
		};
/* End XCBuildConfiguration section */

/* Begin XCConfigurationList section */
		1E7347982BCEF125003CFEDD /* Build configuration list for PBXProject "native-ios-app" */ = {
			isa = XCConfigurationList;
			buildConfigurations = (
				1E7347A92BCEF126003CFEDD /* Debug */,
				1E7347AA2BCEF126003CFEDD /* Release */,
			);
			defaultConfigurationIsVisible = 0;
			defaultConfigurationName = Release;
		};
		1E7347AB2BCEF126003CFEDD /* Build configuration list for PBXNativeTarget "native-ios-app" */ = {
			isa = XCConfigurationList;
			buildConfigurations = (
				1E7347AC2BCEF126003CFEDD /* Debug */,
				1E7347AD2BCEF126003CFEDD /* Release */,
			);
			defaultConfigurationIsVisible = 0;
			defaultConfigurationName = Release;
		};
/* End XCConfigurationList section */

/* Begin XCVersionGroup section */
		1E77A3132BE4D55900F4270E /* Character.xcdatamodeld */ = {
			isa = XCVersionGroup;
			children = (
				1E77A3142BE4D55900F4270E /* Character.xcdatamodel */,
			);
			currentVersion = 1E77A3142BE4D55900F4270E /* Character.xcdatamodel */;
			name = Character.xcdatamodeld;
			path = "/Users/akalinowski/Praca Magisterska/Multiplatform-thesis/native-ios-app/native-ios-app/views/db/Character.xcdatamodeld";
			sourceTree = "<group>";
			versionGroupType = wrapper.xcdatamodel;
		};
/* End XCVersionGroup section */
	};
	rootObject = 1E7347952BCEF125003CFEDD /* Project object */;
}
